
Microsoft Visual Studio Solution File, Format Version 12.00
# Visual Studio Version 17
VisualStudioVersion = 17.11.35327.3
MinimumVisualStudioVersion = 10.0.40219.1
Project("{FAE04EC0-301F-11D3-BF4B-00C04F79EFBC}") = "SampleApp4", "SampleApp4\SampleApp4.csproj", "{6380622D-370B-4A90-B63D-F9C13C17C047}"
EndProject
Global
	GlobalSection(SolutionConfigurationPlatforms) = preSolution
		Debug|Any CPU = Debug|Any CPU
		Release|Any CPU = Release|Any CPU
	EndGlobalSection
	GlobalSection(ProjectConfigurationPlatforms) = postSolution
		{6380622D-370B-4A90-B63D-F9C13C17C047}.Debug|Any CPU.ActiveCfg = Debug|Any CPU
		{6380622D-370B-4A90-B63D-F9C13C17C047}.Debug|Any CPU.Build.0 = Debug|Any CPU
		{6380622D-370B-4A90-B63D-F9C13C17C047}.Release|Any CPU.ActiveCfg = Release|Any CPU
		{6380622D-370B-4A90-B63D-F9C13C17C047}.Release|Any CPU.Build.0 = Release|Any CPU
	EndGlobalSection
	GlobalSection(SolutionProperties) = preSolution
		HideSolutionNode = FALSE
	EndGlobalSection
	GlobalSection(ExtensibilityGlobals) = postSolution
		SolutionGuid = {B1C508F2-02E6-4C23-8CB6-2DFA98617E46}
	EndGlobalSection
EndGlobal
